
Microsoft Visual Studio Solution File, Format Version 12.00
# Visual Studio Version 18
VisualStudioVersion = 18.3.11520.95 d18.3
MinimumVisualStudioVersion = 10.0.40219.1
Project("{FAE04EC0-301F-11D3-BF4B-00C04F79EFBC}") = "EPPlusTest", "EPPlusTest\EPPlusTest.csproj", "{37F4E07A-AD48-01BF-D8F3-BBDFA13CDD28}"
EndProject
Project("{FAE04EC0-301F-11D3-BF4B-00C04F79EFBC}") = "EPPlus", "EPPlus\EPPlus.csproj", "{9DE3B3EB-F7FA-D918-AD48-D5186C47B1D0}"
EndProject
Global
	GlobalSection(SolutionConfigurationPlatforms) = preSolution
		Debug|Any CPU = Debug|Any CPU
		Release 4.0|Any CPU = Release 4.0|Any CPU
		Release|Any CPU = Release|Any CPU
	EndGlobalSection
	GlobalSection(ProjectConfigurationPlatforms) = postSolution
		{37F4E07A-AD48-01BF-D8F3-BBDFA13CDD28}.Debug|Any CPU.ActiveCfg = Debug|Any CPU
		{37F4E07A-AD48-01BF-D8F3-BBDFA13CDD28}.Debug|Any CPU.Build.0 = Debug|Any CPU
		{37F4E07A-AD48-01BF-D8F3-BBDFA13CDD28}.Release 4.0|Any CPU.ActiveCfg = Release|Any CPU
		{37F4E07A-AD48-01BF-D8F3-BBDFA13CDD28}.Release 4.0|Any CPU.Build.0 = Release|Any CPU
		{37F4E07A-AD48-01BF-D8F3-BBDFA13CDD28}.Release|Any CPU.ActiveCfg = Release|Any CPU
		{37F4E07A-AD48-01BF-D8F3-BBDFA13CDD28}.Release|Any CPU.Build.0 = Release|Any CPU
		{9DE3B3EB-F7FA-D918-AD48-D5186C47B1D0}.Debug|Any CPU.ActiveCfg = Debug|Any CPU
		{9DE3B3EB-F7FA-D918-AD48-D5186C47B1D0}.Debug|Any CPU.Build.0 = Debug|Any CPU
		{9DE3B3EB-F7FA-D918-AD48-D5186C47B1D0}.Release 4.0|Any CPU.ActiveCfg = Release|Any CPU
		{9DE3B3EB-F7FA-D918-AD48-D5186C47B1D0}.Release 4.0|Any CPU.Build.0 = Release|Any CPU
		{9DE3B3EB-F7FA-D918-AD48-D5186C47B1D0}.Release|Any CPU.ActiveCfg = Release|Any CPU
		{9DE3B3EB-F7FA-D918-AD48-D5186C47B1D0}.Release|Any CPU.Build.0 = Release|Any CPU
	EndGlobalSection
	GlobalSection(SolutionProperties) = preSolution
		HideSolutionNode = FALSE
	EndGlobalSection
	GlobalSection(ExtensibilityGlobals) = postSolution
		SolutionGuid = {C73D0F5D-0C5D-4F85-8140-3598595AD2E1}
	EndGlobalSection
EndGlobal
